
Microsoft Visual Studio Solution File, Format Version 12.00
# Visual Studio 2013
VisualStudioVersion = 12.0.31101.0
MinimumVisualStudioVersion = 10.0.40219.1
Project("{FAE04EC0-301F-11D3-BF4B-00C04F79EFBC}") = "LoiloGameRecorderForm", "LoiloGameRecorderForm\LoiloGameRecorderForm.csproj", "{AFDAC8C2-03B0-40CF-AE21-73B24A34DB6B}"
EndProject
Global
	GlobalSection(SolutionConfigurationPlatforms) = preSolution
		Debug|Any CPU = Debug|Any CPU
		Release|Any CPU = Release|Any CPU
	EndGlobalSection
	GlobalSection(ProjectConfigurationPlatforms) = postSolution
		{AFDAC8C2-03B0-40CF-AE21-73B24A34DB6B}.Debug|Any CPU.ActiveCfg = Debug|x64
		{AFDAC8C2-03B0-40CF-AE21-73B24A34DB6B}.Debug|Any CPU.Build.0 = Debug|x64
		{AFDAC8C2-03B0-40CF-AE21-73B24A34DB6B}.Release|Any CPU.ActiveCfg = Release|Any CPU
		{AFDAC8C2-03B0-40CF-AE21-73B24A34DB6B}.Release|Any CPU.Build.0 = Release|Any CPU
	EndGlobalSection
	GlobalSection(SolutionProperties) = preSolution
		HideSolutionNode = FALSE
	EndGlobalSection
EndGlobal
